# THIS IS AN AUTOGENERATED FILE. DO NOT EDIT THIS FILE DIRECTLY.
# yarn lockfile v1


js-md5@^0.7.3:
  version "0.7.3"
  resolved "https://registry.yarnpkg.com/js-md5/-/js-md5-0.7.3.tgz#b4f2fbb0b327455f598d6727e38ec272cd09c3f2"
  integrity sha512-ZC41vPSTLKGwIRjqDh8DfXoCrdQIyBgspJVPXHBGu4nZlAEvG3nf+jO9avM9RmLiGakg7vz974ms99nEV0tmTQ==

js-sha1@^0.6.0:
  version "0.6.0"
  resolved "https://registry.yarnpkg.com/js-sha1/-/js-sha1-0.6.0.tgz#adbee10f0e8e18aa07cdea807cf08e9183dbc7f9"
  integrity sha512-01gwBFreYydzmU9BmZxpVk6svJJHrVxEN3IOiGl6VO93bVKYETJ0sIth6DASI6mIFdt7NmfX9UiByRzsYHGU9w==

uuid-by-string@^2.1.1:
  version "2.1.1"
  resolved "https://registry.yarnpkg.com/uuid-by-string/-/uuid-by-string-2.1.1.tgz#de0fd96e8ceec01c312463186e66f906348a27d2"
  integrity sha512-QVJnBwPHz68mgP0skewoee5Ct8heJp0Y2dnI6Xh6J1QXv/sunlpgN7/zV9Pz+kjQWEiQuRxbcPqaFhGYRlKzng==
  dependencies:
    js-md5 "^0.7.3"
    js-sha1 "^0.6.0"
